// !$*UTF8*$!
{
	archiveVersion = 1;
	classes = {
	};
	objectVersion = 46;
	objects = {

/* Begin PBXBuildFile section */
		808CC17D1D4A2C230034E699 /* AppDelegate.swift in Sources */ = {isa = PBXBuildFile; fileRef = 808CC17C1D4A2C230034E699 /* AppDelegate.swift */; };
		808CC17F1D4A2C230034E699 /* ViewController.swift in Sources */ = {isa = PBXBuildFile; fileRef = 808CC17E1D4A2C230034E699 /* ViewController.swift */; };
		808CC1821D4A2C230034E699 /* Main.storyboard in Resources */ = {isa = PBXBuildFile; fileRef = 808CC1801D4A2C230034E699 /* Main.storyboard */; };
		808CC1841D4A2C230034E699 /* Assets.xcassets in Resources */ = {isa = PBXBuildFile; fileRef = 808CC1831D4A2C230034E699 /* Assets.xcassets */; };
		808CC1871D4A2C230034E699 /* LaunchScreen.storyboard in Resources */ = {isa = PBXBuildFile; fileRef = 808CC1851D4A2C230034E699 /* LaunchScreen.storyboard */; };
		808CC1921D4A2C230034E699 /* FoodTrackerTests.swift in Sources */ = {isa = PBXBuildFile; fileRef = 808CC1911D4A2C230034E699 /* FoodTrackerTests.swift */; };
		808CC19D1D4A3F030034E699 /* RatingControl.swift in Sources */ = {isa = PBXBuildFile; fileRef = 808CC19C1D4A3F030034E699 /* RatingControl.swift */; };
/* End PBXBuildFile section */

/* Begin PBXContainerItemProxy section */
		808CC18E1D4A2C230034E699 /* PBXContainerItemProxy */ = {
			isa = PBXContainerItemProxy;
			containerPortal = 808CC1711D4A2C230034E699 /* Project object */;
			proxyType = 1;
			remoteGlobalIDString = 808CC1781D4A2C230034E699;
			remoteInfo = FoodTracker;
		};
/* End PBXContainerItemProxy section */

/* Begin PBXFileReference section */
		808CC1791D4A2C230034E699 /* FoodTracker.app */ = {isa = PBXFileReference; explicitFileType = wrapper.application; includeInIndex = 0; path = FoodTracker.app; sourceTree = BUILT_PRODUCTS_DIR; };
		808CC17C1D4A2C230034E699 /* AppDelegate.swift */ = {isa = PBXFileReference; lastKnownFileType = sourcecode.swift; path = AppDelegate.swift; sourceTree = "<group>"; };
		808CC17E1D4A2C230034E699 /* ViewController.swift */ = {isa = PBXFileReference; lastKnownFileType = sourcecode.swift; path = ViewController.swift; sourceTree = "<group>"; };
		808CC1811D4A2C230034E699 /* Base */ = {isa = PBXFileReference; lastKnownFileType = file.storyboard; name = Base; path = Base.lproj/Main.storyboard; sourceTree = "<group>"; };
		808CC1831D4A2C230034E699 /* Assets.xcassets */ = {isa = PBXFileReference; lastKnownFileType = folder.assetcatalog; path = Assets.xcassets; sourceTree = "<group>"; };
		808CC1861D4A2C230034E699 /* Base */ = {isa = PBXFileReference; lastKnownFileType = file.storyboard; name = Base; path = Base.lproj/LaunchScreen.storyboard; sourceTree = "<group>"; };
		808CC1881D4A2C230034E699 /* Info.plist */ = {isa = PBXFileReference; lastKnownFileType = text.plist.xml; path = Info.plist; sourceTree = "<group>"; };
		808CC18D1D4A2C230034E699 /* FoodTrackerTests.xctest */ = {isa = PBXFileReference; explicitFileType = wrapper.cfbundle; includeInIndex = 0; path = FoodTrackerTests.xctest; sourceTree = BUILT_PRODUCTS_DIR; };
		808CC1911D4A2C230034E699 /* FoodTrackerTests.swift */ = {isa = PBXFileReference; lastKnownFileType = sourcecode.swift; path = FoodTrackerTests.swift; sourceTree = "<group>"; };
		808CC1931D4A2C230034E699 /* Info.plist */ = {isa = PBXFileReference; lastKnownFileType = text.plist.xml; path = Info.plist; sourceTree = "<group>"; };
		808CC19C1D4A3F030034E699 /* RatingControl.swift */ = {isa = PBXFileReference; fileEncoding = 4; lastKnownFileType = sourcecode.swift; path = RatingControl.swift; sourceTree = "<group>"; };
/* End PBXFileReference section */

/* Begin PBXFrameworksBuildPhase section */
		808CC1761D4A2C230034E699 /* Frameworks */ = {
			isa = PBXFrameworksBuildPhase;
			buildActionMask = 2147483647;
			files = (
			);
			runOnlyForDeploymentPostprocessing = 0;
		};
		808CC18A1D4A2C230034E699 /* Frameworks */ = {
			isa = PBXFrameworksBuildPhase;
			buildActionMask = 2147483647;
			files = (
			);
			runOnlyForDeploymentPostprocessing = 0;
		};
/* End PBXFrameworksBuildPhase section */

/* Begin PBXGroup section */
		808CC1701D4A2C230034E699 = {
			isa = PBXGroup;
			children = (
				808CC17B1D4A2C230034E699 /* FoodTracker */,
				808CC1901D4A2C230034E699 /* FoodTrackerTests */,
				808CC17A1D4A2C230034E699 /* Products */,
			);
			sourceTree = "<group>";
		};
		808CC17A1D4A2C230034E699 /* Products */ = {
			isa = PBXGroup;
			children = (
				808CC1791D4A2C230034E699 /* FoodTracker.app */,
				808CC18D1D4A2C230034E699 /* FoodTrackerTests.xctest */,
			);
			name = Products;
			sourceTree = "<group>";
		};
		808CC17B1D4A2C230034E699 /* FoodTracker */ = {
			isa = PBXGroup;
			children = (
				808CC17C1D4A2C230034E699 /* AppDelegate.swift */,
				808CC17E1D4A2C230034E699 /* ViewController.swift */,
				808CC1801D4A2C230034E699 /* Main.storyboard */,
				808CC19C1D4A3F030034E699 /* RatingControl.swift */,
				808CC1831D4A2C230034E699 /* Assets.xcassets */,
				808CC1851D4A2C230034E699 /* LaunchScreen.storyboard */,
				808CC1881D4A2C230034E699 /* Info.plist */,
			);
			path = FoodTracker;
			sourceTree = "<group>";
		};
		808CC1901D4A2C230034E699 /* FoodTrackerTests */ = {
			isa = PBXGroup;
			children = (
				808CC1911D4A2C230034E699 /* FoodTrackerTests.swift */,
				808CC1931D4A2C230034E699 /* Info.plist */,
			);
			path = FoodTrackerTests;
			sourceTree = "<group>";
		};
/* End PBXGroup section */

/* Begin PBXNativeTarget section */
		808CC1781D4A2C230034E699 /* FoodTracker */ = {
			isa = PBXNativeTarget;
			buildConfigurationList = 808CC1961D4A2C230034E699 /* Build configuration list for PBXNativeTarget "FoodTracker" */;
			buildPhases = (
				808CC1751D4A2C230034E699 /* Sources */,
				808CC1761D4A2C230034E699 /* Frameworks */,
				808CC1771D4A2C230034E699 /* Resources */,
			);
			buildRules = (
			);
			dependencies = (
			);
			name = FoodTracker;
			productName = FoodTracker;
			productReference = 808CC1791D4A2C230034E699 /* FoodTracker.app */;
			productType = "com.apple.product-type.application";
		};
		808CC18C1D4A2C230034E699 /* FoodTrackerTests */ = {
			isa = PBXNativeTarget;
			buildConfigurationList = 808CC1991D4A2C230034E699 /* Build configuration list for PBXNativeTarget "FoodTrackerTests" */;
			buildPhases = (
				808CC1891D4A2C230034E699 /* Sources */,
				808CC18A1D4A2C230034E699 /* Frameworks */,
				808CC18B1D4A2C230034E699 /* Resources */,
			);
			buildRules = (
			);
			dependencies = (
				808CC18F1D4A2C230034E699 /* PBXTargetDependency */,
			);
			name = FoodTrackerTests;
			productName = FoodTrackerTests;
			productReference = 808CC18D1D4A2C230034E699 /* FoodTrackerTests.xctest */;
			productType = "com.apple.product-type.bundle.unit-test";
		};
/* End PBXNativeTarget section */

/* Begin PBXProject section */
		808CC1711D4A2C230034E699 /* Project object */ = {
			isa = PBXProject;
			attributes = {
				LastSwiftUpdateCheck = 0730;
				LastUpgradeCheck = 0730;
				ORGANIZATIONNAME = "Matt Daisley";
				TargetAttributes = {
					808CC1781D4A2C230034E699 = {
						CreatedOnToolsVersion = 7.3.1;
					};
					808CC18C1D4A2C230034E699 = {
						CreatedOnToolsVersion = 7.3.1;
						TestTargetID = 808CC1781D4A2C230034E699;
					};
				};
			};
			buildConfigurationList = 808CC1741D4A2C230034E699 /* Build configuration list for PBXProject "FoodTracker" */;
			compatibilityVersion = "Xcode 3.2";
			developmentRegion = English;
			hasScannedForEncodings = 0;
			knownRegions = (
				en,
				Base,
			);
			mainGroup = 808CC1701D4A2C230034E699;
			productRefGroup = 808CC17A1D4A2C230034E699 /* Products */;
			projectDirPath = "";
			projectRoot = "";
			targets = (
				808CC1781D4A2C230034E699 /* FoodTracker */,
				808CC18C1D4A2C230034E699 /* FoodTrackerTests */,
			);
		};
/* End PBXProject section */

/* Begin PBXResourcesBuildPhase section */
		808CC1771D4A2C230034E699 /* Resources */ = {
			isa = PBXResourcesBuildPhase;
			buildActionMask = 2147483647;
			files = (
				808CC1871D4A2C230034E699 /* LaunchScreen.storyboard in Resources */,
				808CC1841D4A2C230034E699 /* Assets.xcassets in Resources */,
				808CC1821D4A2C230034E699 /* Main.storyboard in Resources */,
			);
			runOnlyForDeploymentPostprocessing = 0;
		};
		808CC18B1D4A2C230034E699 /* Resources */ = {
			isa = PBXResourcesBuildPhase;
			buildActionMask = 2147483647;
			files = (
			);
			runOnlyForDeploymentPostprocessing = 0;
		};
/* End PBXResourcesBuildPhase section */

/* Begin PBXSourcesBuildPhase section */
		808CC1751D4A2C230034E699 /* Sources */ = {
			isa = PBXSourcesBuildPhase;
			buildActionMask = 2147483647;
			files = (
				808CC17F1D4A2C230034E699 /* ViewController.swift in Sources */,
				808CC19D1D4A3F030034E699 /* RatingControl.swift in Sources */,
				808CC17D1D4A2C230034E699 /* AppDelegate.swift in Sources */,
			);
			runOnlyForDeploymentPostprocessing = 0;
		};
		808CC1891D4A2C230034E699 /* Sources */ = {
			isa = PBXSourcesBuildPhase;
			buildActionMask = 2147483647;
			files = (
				808CC1921D4A2C230034E699 /* FoodTrackerTests.swift in Sources */,
			);
			runOnlyForDeploymentPostprocessing = 0;
		};
/* End PBXSourcesBuildPhase section */

/* Begin PBXTargetDependency section */
		808CC18F1D4A2C230034E699 /* PBXTargetDependency */ = {
			isa = PBXTargetDependency;
			target = 808CC1781D4A2C230034E699 /* FoodTracker */;
			targetProxy = 808CC18E1D4A2C230034E699 /* PBXContainerItemProxy */;
		};
/* End PBXTargetDependency section */

/* Begin PBXVariantGroup section */
		808CC1801D4A2C230034E699 /* Main.storyboard */ = {
			isa = PBXVariantGroup;
			children = (
				808CC1811D4A2C230034E699 /* Base */,
			);
			name = Main.storyboard;
			sourceTree = "<group>";
		};
		808CC1851D4A2C230034E699 /* LaunchScreen.storyboard */ = {
			isa = PBXVariantGroup;
			children = (
				808CC1861D4A2C230034E699 /* Base */,
			);
			name = LaunchScreen.storyboard;
			sourceTree = "<group>";
		};
/* End PBXVariantGroup section */

/* Begin XCBuildConfiguration section */
		808CC1941D4A2C230034E699 /* Debug */ = {
			isa = XCBuildConfiguration;
			buildSettings = {
				ALWAYS_SEARCH_USER_PATHS = NO;
				CLANG_ANALYZER_NONNULL = YES;
				CLANG_CXX_LANGUAGE_STANDARD = "gnu++0x";
				CLANG_CXX_LIBRARY = "libc++";
				CLANG_ENABLE_MODULES = YES;
				CLANG_ENABLE_OBJC_ARC = YES;
				CLANG_WARN_BOOL_CONVERSION = YES;
				CLANG_WARN_CONSTANT_CONVERSION = YES;
				CLANG_WARN_DIRECT_OBJC_ISA_USAGE = YES_ERROR;
				CLANG_WARN_EMPTY_BODY = YES;
				CLANG_WARN_ENUM_CONVERSION = YES;
				CLANG_WARN_INT_CONVERSION = YES;
				CLANG_WARN_OBJC_ROOT_CLASS = YES_ERROR;
				CLANG_WARN_UNREACHABLE_CODE = YES;
				CLANG_WARN__DUPLICATE_METHOD_MATCH = YES;
				"CODE_SIGN_IDENTITY[sdk=iphoneos*]" = "iPhone Developer";
				COPY_PHASE_STRIP = NO;
				DEBUG_INFORMATION_FORMAT = dwarf;
				ENABLE_STRICT_OBJC_MSGSEND = YES;
				ENABLE_TESTABILITY = YES;
				GCC_C_LANGUAGE_STANDARD = gnu99;
				GCC_DYNAMIC_NO_PIC = NO;
				GCC_NO_COMMON_BLOCKS = YES;
				GCC_OPTIMIZATION_LEVEL = 0;
				GCC_PREPROCESSOR_DEFINITIONS = (
					"DEBUG=1",
					"$(inherited)",
				);
				GCC_WARN_64_TO_32_BIT_CONVERSION = YES;
				GCC_WARN_ABOUT_RETURN_TYPE = YES_ERROR;
				GCC_WARN_UNDECLARED_SELECTOR = YES;
				GCC_WARN_UNINITIALIZED_AUTOS = YES_AGGRESSIVE;
				GCC_WARN_UNUSED_FUNCTION = YES;
				GCC_WARN_UNUSED_VARIABLE = YES;
				IPHONEOS_DEPLOYMENT_TARGET = 9.3;
				MTL_ENABLE_DEBUG_INFO = YES;
				ONLY_ACTIVE_ARCH = YES;
				SDKROOT = iphoneos;
				SWIFT_OPTIMIZATION_LEVEL = "-Onone";
				TARGETED_DEVICE_FAMILY = "1,2";
			};
			name = Debug;
		};
		808CC1951D4A2C230034E699 /* Release */ = {
			isa = XCBuildConfiguration;
			buildSettings = {
				ALWAYS_SEARCH_USER_PATHS = NO;
				CLANG_ANALYZER_NONNULL = YES;
				CLANG_CXX_LANGUAGE_STANDARD = "gnu++0x";
				CLANG_CXX_LIBRARY = "libc++";
				CLANG_ENABLE_MODULES = YES;
				CLANG_ENABLE_OBJC_ARC = YES;
				CLANG_WARN_BOOL_CONVERSION = YES;
				CLANG_WARN_CONSTANT_CONVERSION = YES;
				CLANG_WARN_DIRECT_OBJC_ISA_USAGE = YES_ERROR;
				CLANG_WARN_EMPTY_BODY = YES;
				CLANG_WARN_ENUM_CONVERSION = YES;
				CLANG_WARN_INT_CONVERSION = YES;
				CLANG_WARN_OBJC_ROOT_CLASS = YES_ERROR;
				CLANG_WARN_UNREACHABLE_CODE = YES;
				CLANG_WARN__DUPLICATE_METHOD_MATCH = YES;
				"CODE_SIGN_IDENTITY[sdk=iphoneos*]" = "iPhone Developer";
				COPY_PHASE_STRIP = NO;
				DEBUG_INFORMATION_FORMAT = "dwarf-with-dsym";
				ENABLE_NS_ASSERTIONS = NO;
				ENABLE_STRICT_OBJC_MSGSEND = YES;
				GCC_C_LANGUAGE_STANDARD = gnu99;
				GCC_NO_COMMON_BLOCKS = YES;
				GCC_WARN_64_TO_32_BIT_CONVERSION = YES;
				GCC_WARN_ABOUT_RETURN_TYPE = YES_ERROR;
				GCC_WARN_UNDECLARED_SELECTOR = YES;
				GCC_WARN_UNINITIALIZED_AUTOS = YES_AGGRESSIVE;
				GCC_WARN_UNUSED_FUNCTION = YES;
				GCC_WARN_UNUSED_VARIABLE = YES;
				IPHONEOS_DEPLOYMENT_TARGET = 9.3;
				MTL_ENABLE_DEBUG_INFO = NO;
				SDKROOT = iphoneos;
				TARGETED_DEVICE_FAMILY = "1,2";
				VALIDATE_PRODUCT = YES;
			};
			name = Release;
		};
		808CC1971D4A2C230034E699 /* Debug */ = {
			isa = XCBuildConfiguration;
			buildSettings = {
				ASSETCATALOG_COMPILER_APPICON_NAME = AppIcon;
				INFOPLIST_FILE = FoodTracker/Info.plist;
				LD_RUNPATH_SEARCH_PATHS = "$(inherited) @executable_path/Frameworks";
				PRODUCT_BUNDLE_IDENTIFIER = com.example.FoodTracker;
				PRODUCT_NAME = "$(TARGET_NAME)";
			};
			name = Debug;
		};
		808CC1981D4A2C230034E699 /* Release */ = {
			isa = XCBuildConfiguration;
			buildSettings = {
				ASSETCATALOG_COMPILER_APPICON_NAME = AppIcon;
				INFOPLIST_FILE = FoodTracker/Info.plist;
				LD_RUNPATH_SEARCH_PATHS = "$(inherited) @executable_path/Frameworks";
				PRODUCT_BUNDLE_IDENTIFIER = com.example.FoodTracker;
				PRODUCT_NAME = "$(TARGET_NAME)";
			};
			name = Release;
		};
		808CC19A1D4A2C230034E699 /* Debug */ = {
			isa = XCBuildConfiguration;
			buildSettings = {
				BUNDLE_LOADER = "$(TEST_HOST)";
				INFOPLIST_FILE = FoodTrackerTests/Info.plist;
				LD_RUNPATH_SEARCH_PATHS = "$(inherited) @executable_path/Frameworks @loader_path/Frameworks";
				PRODUCT_BUNDLE_IDENTIFIER = com.example.FoodTrackerTests;
				PRODUCT_NAME = "$(TARGET_NAME)";
				TEST_HOST = "$(BUILT_PRODUCTS_DIR)/FoodTracker.app/FoodTracker";
			};
			name = Debug;
		};
		808CC19B1D4A2C230034E699 /* Release */ = {
			isa = XCBuildConfiguration;
			buildSettings = {
				BUNDLE_LOADER = "$(TEST_HOST)";
				INFOPLIST_FILE = FoodTrackerTests/Info.plist;
				LD_RUNPATH_SEARCH_PATHS = "$(inherited) @executable_path/Frameworks @loader_path/Frameworks";
				PRODUCT_BUNDLE_IDENTIFIER = com.example.FoodTrackerTests;
				PRODUCT_NAME = "$(TARGET_NAME)";
				TEST_HOST = "$(BUILT_PRODUCTS_DIR)/FoodTracker.app/FoodTracker";
			};
			name = Release;
		};
/* End XCBuildConfiguration section */

/* Begin XCConfigurationList section */
		808CC1741D4A2C230034E699 /* Build configuration list for PBXProject "FoodTracker" */ = {
			isa = XCConfigurationList;
			buildConfigurations = (
				808CC1941D4A2C230034E699 /* Debug */,
				808CC1951D4A2C230034E699 /* Release */,
			);
			defaultConfigurationIsVisible = 0;
			defaultConfigurationName = Release;
		};
		808CC1961D4A2C230034E699 /* Build configuration list for PBXNativeTarget "FoodTracker" */ = {
			isa = XCConfigurationList;
			buildConfigurations = (
				808CC1971D4A2C230034E699 /* Debug */,
				808CC1981D4A2C230034E699 /* Release */,
			);
			defaultConfigurationIsVisible = 0;
		};
		808CC1991D4A2C230034E699 /* Build configuration list for PBXNativeTarget "FoodTrackerTests" */ = {
			isa = XCConfigurationList;
			buildConfigurations = (
				808CC19A1D4A2C230034E699 /* Debug */,
				808CC19B1D4A2C230034E699 /* Release */,
			);
			defaultConfigurationIsVisible = 0;
		};
/* End XCConfigurationList section */
	};
	rootObject = 808CC1711D4A2C230034E699 /* Project object */;
}
